
Microsoft Visual Studio Solution File, Format Version 12.00
# Visual Studio Version 17
VisualStudioVersion = 17.9.34616.47
MinimumVisualStudioVersion = 10.0.40219.1
Project("{FAE04EC0-301F-11D3-BF4B-00C04F79EFBC}") = "CURS06", "CURS06\CURS06.csproj", "{F835AF0A-FBAA-4C50-A774-51A1CD0F313C}"
EndProject
Global
	GlobalSection(SolutionConfigurationPlatforms) = preSolution
		Debug|Any CPU = Debug|Any CPU
		Release|Any CPU = Release|Any CPU
	EndGlobalSection
	GlobalSection(ProjectConfigurationPlatforms) = postSolution
		{F835AF0A-FBAA-4C50-A774-51A1CD0F313C}.Debug|Any CPU.ActiveCfg = Debug|Any CPU
		{F835AF0A-FBAA-4C50-A774-51A1CD0F313C}.Debug|Any CPU.Build.0 = Debug|Any CPU
		{F835AF0A-FBAA-4C50-A774-51A1CD0F313C}.Release|Any CPU.ActiveCfg = Release|Any CPU
		{F835AF0A-FBAA-4C50-A774-51A1CD0F313C}.Release|Any CPU.Build.0 = Release|Any CPU
	EndGlobalSection
	GlobalSection(SolutionProperties) = preSolution
		HideSolutionNode = FALSE
	EndGlobalSection
	GlobalSection(ExtensibilityGlobals) = postSolution
		SolutionGuid = {435B943B-6544-4E48-BFA4-36512EBF0B57}
	EndGlobalSection
EndGlobal
